
Microsoft Visual Studio Solution File, Format Version 12.00
# Visual Studio Version 17
VisualStudioVersion = 17.7.34018.315
MinimumVisualStudioVersion = 10.0.40219.1
Project("{9A19103F-16F7-4668-BE54-9A1E7A4F7556}") = "Coins", "Coins\Coins.csproj", "{7A0561FA-80D8-4966-8540-DE74B1B1E997}"
EndProject
Project("{2150E333-8FDC-42A3-9474-1A3956D46DE8}") = "Functions", "Functions", "{4019FAA3-A42E-4ACB-BF4B-17127568353A}"
EndProject
Project("{2150E333-8FDC-42A3-9474-1A3956D46DE8}") = "Coin", "Coin", "{0FD37443-DE55-4CF8-9B59-81421FAF612E}"
EndProject
Project("{9A19103F-16F7-4668-BE54-9A1E7A4F7556}") = "Upbit", "Upbit\Upbit.csproj", "{BCCF4BF5-EAD2-4849-BBB3-390A5D168532}"
	ProjectSection(ProjectDependencies) = postProject
		{94F32C05-B9CB-49CB-9E7C-B8FFCA762D77} = {94F32C05-B9CB-49CB-9E7C-B8FFCA762D77}
	EndProjectSection
EndProject
Project("{9A19103F-16F7-4668-BE54-9A1E7A4F7556}") = "FileIO", "FileIO\FileIO.csproj", "{9919FD15-2AE9-4686-8DE3-09754F4BCC26}"
EndProject
Project("{9A19103F-16F7-4668-BE54-9A1E7A4F7556}") = "Permission", "Permission\Permission.csproj", "{6A98CD3A-0615-4815-947B-648E593FABB1}"
EndProject
Project("{9A19103F-16F7-4668-BE54-9A1E7A4F7556}") = "DB", "DB\DB.csproj", "{4DA830AB-B7AA-439B-9AB8-0CBE070BFDAA}"
EndProject
Project("{9A19103F-16F7-4668-BE54-9A1E7A4F7556}") = "Network", "Network\Network.csproj", "{EB6E9120-1D0E-43D3-BE67-B17CDA96372F}"
EndProject
Project("{9A19103F-16F7-4668-BE54-9A1E7A4F7556}") = "Socket", "Socket\Socket.csproj", "{0F7BB81C-A1E9-4AFA-B12A-E5A4A956DD3A}"
EndProject
Project("{9A19103F-16F7-4668-BE54-9A1E7A4F7556}") = "Language", "Language\Language.csproj", "{DEEB069A-2E98-4F1C-851A-87060EC9E105}"
EndProject
Project("{2150E333-8FDC-42A3-9474-1A3956D46DE8}") = "CustomControls", "CustomControls", "{3F8DDC29-4EBB-4FF6-9C37-CE80E8545968}"
EndProject
Project("{9A19103F-16F7-4668-BE54-9A1E7A4F7556}") = "TextBoxPlaceHolder", "TextBoxPlaceHolder\TextBoxPlaceHolder.csproj", "{94F32C05-B9CB-49CB-9E7C-B8FFCA762D77}"
EndProject
Project("{9A19103F-16F7-4668-BE54-9A1E7A4F7556}") = "PublicColor", "PublicColor\PublicColor.csproj", "{0178873F-3690-447A-8B18-7495DE6128E1}"
EndProject
Project("{9A19103F-16F7-4668-BE54-9A1E7A4F7556}") = "Dialog", "Dialog\Dialog.csproj", "{6D17A5A8-477D-4731-A494-A0C372AFEA4F}"
EndProject
Project("{2150E333-8FDC-42A3-9474-1A3956D46DE8}") = "Settings", "Settings", "{B8D28283-23DB-4698-B50D-AAE3E622AC84}"
EndProject
Project("{9A19103F-16F7-4668-BE54-9A1E7A4F7556}") = "Setting", "Setting\Setting.csproj", "{DD9EC81D-3342-4D35-89BE-87C86D69A13B}"
EndProject
Project("{9A19103F-16F7-4668-BE54-9A1E7A4F7556}") = "OrderTextbox", "OrderTextbox\OrderTextbox.csproj", "{0A45125F-195D-4C6B-90ED-F620D27B62CE}"
EndProject
Project("{2150E333-8FDC-42A3-9474-1A3956D46DE8}") = "Login", "Login", "{0AA0EA96-A52E-48BF-83D3-52BDB87A8014}"
EndProject
Project("{9A19103F-16F7-4668-BE54-9A1E7A4F7556}") = "CoinLogin", "CoinLogin\CoinLogin.csproj", "{4DE6F903-1FB1-4037-8681-DF05AA896E91}"
EndProject
Project("{9A19103F-16F7-4668-BE54-9A1E7A4F7556}") = "TitleBar", "TitleBar\TitleBar.csproj", "{B4DF1406-0370-44EB-812C-5949AE068490}"
EndProject
Project("{9A19103F-16F7-4668-BE54-9A1E7A4F7556}") = "CustomScrollbar", "CustomScrollbar\CustomScrollbar.csproj", "{262D2ED3-516D-4D1A-BA29-8FB9EC409DCC}"
EndProject
Project("{FAE04EC0-301F-11D3-BF4B-00C04F79EFBC}") = "AdminSetting", "AdminSetting\AdminSetting.csproj", "{BCE5E90A-C4AE-4162-9265-F035F8037D6C}"
EndProject
Project("{2150E333-8FDC-42A3-9474-1A3956D46DE8}") = "ControlResource", "ControlResource", "{EF379361-D007-4F93-83F4-8C68A209F362}"
EndProject
Project("{FAE04EC0-301F-11D3-BF4B-00C04F79EFBC}") = "CResource", "CResource\CResource.csproj", "{F9F28826-AF2E-4DB9-B17D-6F063D980D1B}"
EndProject
Global
	GlobalSection(SolutionConfigurationPlatforms) = preSolution
		Debug|Any CPU = Debug|Any CPU
		Release|Any CPU = Release|Any CPU
	EndGlobalSection
	GlobalSection(ProjectConfigurationPlatforms) = postSolution
		{7A0561FA-80D8-4966-8540-DE74B1B1E997}.Debug|Any CPU.ActiveCfg = Debug|Any CPU
		{7A0561FA-80D8-4966-8540-DE74B1B1E997}.Debug|Any CPU.Build.0 = Debug|Any CPU
		{7A0561FA-80D8-4966-8540-DE74B1B1E997}.Release|Any CPU.ActiveCfg = Release|Any CPU
		{7A0561FA-80D8-4966-8540-DE74B1B1E997}.Release|Any CPU.Build.0 = Release|Any CPU
		{BCCF4BF5-EAD2-4849-BBB3-390A5D168532}.Debug|Any CPU.ActiveCfg = Debug|Any CPU
		{BCCF4BF5-EAD2-4849-BBB3-390A5D168532}.Debug|Any CPU.Build.0 = Debug|Any CPU
		{BCCF4BF5-EAD2-4849-BBB3-390A5D168532}.Release|Any CPU.ActiveCfg = Release|Any CPU
		{BCCF4BF5-EAD2-4849-BBB3-390A5D168532}.Release|Any CPU.Build.0 = Release|Any CPU
		{9919FD15-2AE9-4686-8DE3-09754F4BCC26}.Debug|Any CPU.ActiveCfg = Debug|Any CPU
		{9919FD15-2AE9-4686-8DE3-09754F4BCC26}.Debug|Any CPU.Build.0 = Debug|Any CPU
		{9919FD15-2AE9-4686-8DE3-09754F4BCC26}.Release|Any CPU.ActiveCfg = Release|Any CPU
		{9919FD15-2AE9-4686-8DE3-09754F4BCC26}.Release|Any CPU.Build.0 = Release|Any CPU
		{6A98CD3A-0615-4815-947B-648E593FABB1}.Debug|Any CPU.ActiveCfg = Debug|Any CPU
		{6A98CD3A-0615-4815-947B-648E593FABB1}.Debug|Any CPU.Build.0 = Debug|Any CPU
		{6A98CD3A-0615-4815-947B-648E593FABB1}.Release|Any CPU.ActiveCfg = Release|Any CPU
		{6A98CD3A-0615-4815-947B-648E593FABB1}.Release|Any CPU.Build.0 = Release|Any CPU
		{4DA830AB-B7AA-439B-9AB8-0CBE070BFDAA}.Debug|Any CPU.ActiveCfg = Debug|Any CPU
		{4DA830AB-B7AA-439B-9AB8-0CBE070BFDAA}.Debug|Any CPU.Build.0 = Debug|Any CPU
		{4DA830AB-B7AA-439B-9AB8-0CBE070BFDAA}.Release|Any CPU.ActiveCfg = Release|Any CPU
		{4DA830AB-B7AA-439B-9AB8-0CBE070BFDAA}.Release|Any CPU.Build.0 = Release|Any CPU
		{EB6E9120-1D0E-43D3-BE67-B17CDA96372F}.Debug|Any CPU.ActiveCfg = Debug|Any CPU
		{EB6E9120-1D0E-43D3-BE67-B17CDA96372F}.Debug|Any CPU.Build.0 = Debug|Any CPU
		{EB6E9120-1D0E-43D3-BE67-B17CDA96372F}.Release|Any CPU.ActiveCfg = Release|Any CPU
		{EB6E9120-1D0E-43D3-BE67-B17CDA96372F}.Release|Any CPU.Build.0 = Release|Any CPU
		{0F7BB81C-A1E9-4AFA-B12A-E5A4A956DD3A}.Debug|Any CPU.ActiveCfg = Debug|Any CPU
		{0F7BB81C-A1E9-4AFA-B12A-E5A4A956DD3A}.Debug|Any CPU.Build.0 = Debug|Any CPU
		{0F7BB81C-A1E9-4AFA-B12A-E5A4A956DD3A}.Release|Any CPU.ActiveCfg = Release|Any CPU
		{0F7BB81C-A1E9-4AFA-B12A-E5A4A956DD3A}.Release|Any CPU.Build.0 = Release|Any CPU
		{DEEB069A-2E98-4F1C-851A-87060EC9E105}.Debug|Any CPU.ActiveCfg = Debug|Any CPU
		{DEEB069A-2E98-4F1C-851A-87060EC9E105}.Debug|Any CPU.Build.0 = Debug|Any CPU
		{DEEB069A-2E98-4F1C-851A-87060EC9E105}.Release|Any CPU.ActiveCfg = Release|Any CPU
		{DEEB069A-2E98-4F1C-851A-87060EC9E105}.Release|Any CPU.Build.0 = Release|Any CPU
		{94F32C05-B9CB-49CB-9E7C-B8FFCA762D77}.Debug|Any CPU.ActiveCfg = Debug|Any CPU
		{94F32C05-B9CB-49CB-9E7C-B8FFCA762D77}.Debug|Any CPU.Build.0 = Debug|Any CPU
		{94F32C05-B9CB-49CB-9E7C-B8FFCA762D77}.Release|Any CPU.ActiveCfg = Release|Any CPU
		{94F32C05-B9CB-49CB-9E7C-B8FFCA762D77}.Release|Any CPU.Build.0 = Release|Any CPU
		{0178873F-3690-447A-8B18-7495DE6128E1}.Debug|Any CPU.ActiveCfg = Debug|Any CPU
		{0178873F-3690-447A-8B18-7495DE6128E1}.Debug|Any CPU.Build.0 = Debug|Any CPU
		{0178873F-3690-447A-8B18-7495DE6128E1}.Release|Any CPU.ActiveCfg = Release|Any CPU
		{0178873F-3690-447A-8B18-7495DE6128E1}.Release|Any CPU.Build.0 = Release|Any CPU
		{6D17A5A8-477D-4731-A494-A0C372AFEA4F}.Debug|Any CPU.ActiveCfg = Debug|Any CPU
		{6D17A5A8-477D-4731-A494-A0C372AFEA4F}.Debug|Any CPU.Build.0 = Debug|Any CPU
		{6D17A5A8-477D-4731-A494-A0C372AFEA4F}.Release|Any CPU.ActiveCfg = Release|Any CPU
		{6D17A5A8-477D-4731-A494-A0C372AFEA4F}.Release|Any CPU.Build.0 = Release|Any CPU
		{DD9EC81D-3342-4D35-89BE-87C86D69A13B}.Debug|Any CPU.ActiveCfg = Debug|Any CPU
		{DD9EC81D-3342-4D35-89BE-87C86D69A13B}.Debug|Any CPU.Build.0 = Debug|Any CPU
		{DD9EC81D-3342-4D35-89BE-87C86D69A13B}.Release|Any CPU.ActiveCfg = Release|Any CPU
		{DD9EC81D-3342-4D35-89BE-87C86D69A13B}.Release|Any CPU.Build.0 = Release|Any CPU
		{0A45125F-195D-4C6B-90ED-F620D27B62CE}.Debug|Any CPU.ActiveCfg = Debug|Any CPU
		{0A45125F-195D-4C6B-90ED-F620D27B62CE}.Debug|Any CPU.Build.0 = Debug|Any CPU
		{0A45125F-195D-4C6B-90ED-F620D27B62CE}.Release|Any CPU.ActiveCfg = Release|Any CPU
		{0A45125F-195D-4C6B-90ED-F620D27B62CE}.Release|Any CPU.Build.0 = Release|Any CPU
		{4DE6F903-1FB1-4037-8681-DF05AA896E91}.Debug|Any CPU.ActiveCfg = Debug|Any CPU
		{4DE6F903-1FB1-4037-8681-DF05AA896E91}.Debug|Any CPU.Build.0 = Debug|Any CPU
		{4DE6F903-1FB1-4037-8681-DF05AA896E91}.Release|Any CPU.ActiveCfg = Release|Any CPU
		{4DE6F903-1FB1-4037-8681-DF05AA896E91}.Release|Any CPU.Build.0 = Release|Any CPU
		{B4DF1406-0370-44EB-812C-5949AE068490}.Debug|Any CPU.ActiveCfg = Debug|Any CPU
		{B4DF1406-0370-44EB-812C-5949AE068490}.Debug|Any CPU.Build.0 = Debug|Any CPU
		{B4DF1406-0370-44EB-812C-5949AE068490}.Release|Any CPU.ActiveCfg = Release|Any CPU
		{B4DF1406-0370-44EB-812C-5949AE068490}.Release|Any CPU.Build.0 = Release|Any CPU
		{262D2ED3-516D-4D1A-BA29-8FB9EC409DCC}.Debug|Any CPU.ActiveCfg = Debug|Any CPU
		{262D2ED3-516D-4D1A-BA29-8FB9EC409DCC}.Debug|Any CPU.Build.0 = Debug|Any CPU
		{262D2ED3-516D-4D1A-BA29-8FB9EC409DCC}.Release|Any CPU.ActiveCfg = Release|Any CPU
		{262D2ED3-516D-4D1A-BA29-8FB9EC409DCC}.Release|Any CPU.Build.0 = Release|Any CPU
		{BCE5E90A-C4AE-4162-9265-F035F8037D6C}.Debug|Any CPU.ActiveCfg = Debug|Any CPU
		{BCE5E90A-C4AE-4162-9265-F035F8037D6C}.Debug|Any CPU.Build.0 = Debug|Any CPU
		{BCE5E90A-C4AE-4162-9265-F035F8037D6C}.Release|Any CPU.ActiveCfg = Release|Any CPU
		{BCE5E90A-C4AE-4162-9265-F035F8037D6C}.Release|Any CPU.Build.0 = Release|Any CPU
		{F9F28826-AF2E-4DB9-B17D-6F063D980D1B}.Debug|Any CPU.ActiveCfg = Debug|Any CPU
		{F9F28826-AF2E-4DB9-B17D-6F063D980D1B}.Debug|Any CPU.Build.0 = Debug|Any CPU
		{F9F28826-AF2E-4DB9-B17D-6F063D980D1B}.Release|Any CPU.ActiveCfg = Release|Any CPU
		{F9F28826-AF2E-4DB9-B17D-6F063D980D1B}.Release|Any CPU.Build.0 = Release|Any CPU
	EndGlobalSection
	GlobalSection(SolutionProperties) = preSolution
		HideSolutionNode = FALSE
	EndGlobalSection
	GlobalSection(NestedProjects) = preSolution
		{BCCF4BF5-EAD2-4849-BBB3-390A5D168532} = {0FD37443-DE55-4CF8-9B59-81421FAF612E}
		{9919FD15-2AE9-4686-8DE3-09754F4BCC26} = {4019FAA3-A42E-4ACB-BF4B-17127568353A}
		{6A98CD3A-0615-4815-947B-648E593FABB1} = {4019FAA3-A42E-4ACB-BF4B-17127568353A}
		{4DA830AB-B7AA-439B-9AB8-0CBE070BFDAA} = {4019FAA3-A42E-4ACB-BF4B-17127568353A}
		{EB6E9120-1D0E-43D3-BE67-B17CDA96372F} = {4019FAA3-A42E-4ACB-BF4B-17127568353A}
		{0F7BB81C-A1E9-4AFA-B12A-E5A4A956DD3A} = {4019FAA3-A42E-4ACB-BF4B-17127568353A}
		{94F32C05-B9CB-49CB-9E7C-B8FFCA762D77} = {3F8DDC29-4EBB-4FF6-9C37-CE80E8545968}
		{0178873F-3690-447A-8B18-7495DE6128E1} = {4019FAA3-A42E-4ACB-BF4B-17127568353A}
		{6D17A5A8-477D-4731-A494-A0C372AFEA4F} = {4019FAA3-A42E-4ACB-BF4B-17127568353A}
		{DD9EC81D-3342-4D35-89BE-87C86D69A13B} = {B8D28283-23DB-4698-B50D-AAE3E622AC84}
		{0A45125F-195D-4C6B-90ED-F620D27B62CE} = {3F8DDC29-4EBB-4FF6-9C37-CE80E8545968}
		{4DE6F903-1FB1-4037-8681-DF05AA896E91} = {0AA0EA96-A52E-48BF-83D3-52BDB87A8014}
		{B4DF1406-0370-44EB-812C-5949AE068490} = {3F8DDC29-4EBB-4FF6-9C37-CE80E8545968}
		{262D2ED3-516D-4D1A-BA29-8FB9EC409DCC} = {3F8DDC29-4EBB-4FF6-9C37-CE80E8545968}
		{BCE5E90A-C4AE-4162-9265-F035F8037D6C} = {B8D28283-23DB-4698-B50D-AAE3E622AC84}
		{F9F28826-AF2E-4DB9-B17D-6F063D980D1B} = {EF379361-D007-4F93-83F4-8C68A209F362}
	EndGlobalSection
	GlobalSection(ExtensibilityGlobals) = postSolution
		SolutionGuid = {B1F3330C-2062-4267-8EBB-D4DA0FE3CF2B}
	EndGlobalSection
EndGlobal
